
Microsoft Visual Studio Solution File, Format Version 12.00
# Visual Studio 15
VisualStudioVersion = 15.0.26124.0
MinimumVisualStudioVersion = 15.0.26124.0
Project("{FAE04EC0-301F-11D3-BF4B-00C04F79EFBC}") = "PrimeNumberCalculator", "PrimeNumberCalculator\PrimeNumberCalculator.csproj", "{48754F18-EF59-427A-B6CE-99AC4AA40FC7}"
EndProject
Project("{FAE04EC0-301F-11D3-BF4B-00C04F79EFBC}") = "PrimeNumberCalculatorTests", "PrimeNumberCalculatorTests\PrimeNumberCalculatorTests.csproj", "{B0FB1E22-72D7-45D0-AEE5-7AB3506AC4F8}"
EndProject
Global
	GlobalSection(SolutionConfigurationPlatforms) = preSolution
		Debug|Any CPU = Debug|Any CPU
		Debug|x64 = Debug|x64
		Debug|x86 = Debug|x86
		Release|Any CPU = Release|Any CPU
		Release|x64 = Release|x64
		Release|x86 = Release|x86
	EndGlobalSection
	GlobalSection(SolutionProperties) = preSolution
		HideSolutionNode = FALSE
	EndGlobalSection
	GlobalSection(ProjectConfigurationPlatforms) = postSolution
		{48754F18-EF59-427A-B6CE-99AC4AA40FC7}.Debug|Any CPU.ActiveCfg = Debug|Any CPU
		{48754F18-EF59-427A-B6CE-99AC4AA40FC7}.Debug|Any CPU.Build.0 = Debug|Any CPU
		{48754F18-EF59-427A-B6CE-99AC4AA40FC7}.Debug|x64.ActiveCfg = Debug|Any CPU
		{48754F18-EF59-427A-B6CE-99AC4AA40FC7}.Debug|x64.Build.0 = Debug|Any CPU
		{48754F18-EF59-427A-B6CE-99AC4AA40FC7}.Debug|x86.ActiveCfg = Debug|Any CPU
		{48754F18-EF59-427A-B6CE-99AC4AA40FC7}.Debug|x86.Build.0 = Debug|Any CPU
		{48754F18-EF59-427A-B6CE-99AC4AA40FC7}.Release|Any CPU.ActiveCfg = Release|Any CPU
		{48754F18-EF59-427A-B6CE-99AC4AA40FC7}.Release|Any CPU.Build.0 = Release|Any CPU
		{48754F18-EF59-427A-B6CE-99AC4AA40FC7}.Release|x64.ActiveCfg = Release|Any CPU
		{48754F18-EF59-427A-B6CE-99AC4AA40FC7}.Release|x64.Build.0 = Release|Any CPU
		{48754F18-EF59-427A-B6CE-99AC4AA40FC7}.Release|x86.ActiveCfg = Release|Any CPU
		{48754F18-EF59-427A-B6CE-99AC4AA40FC7}.Release|x86.Build.0 = Release|Any CPU
		{B0FB1E22-72D7-45D0-AEE5-7AB3506AC4F8}.Debug|Any CPU.ActiveCfg = Debug|Any CPU
		{B0FB1E22-72D7-45D0-AEE5-7AB3506AC4F8}.Debug|Any CPU.Build.0 = Debug|Any CPU
		{B0FB1E22-72D7-45D0-AEE5-7AB3506AC4F8}.Debug|x64.ActiveCfg = Debug|Any CPU
		{B0FB1E22-72D7-45D0-AEE5-7AB3506AC4F8}.Debug|x64.Build.0 = Debug|Any CPU
		{B0FB1E22-72D7-45D0-AEE5-7AB3506AC4F8}.Debug|x86.ActiveCfg = Debug|Any CPU
		{B0FB1E22-72D7-45D0-AEE5-7AB3506AC4F8}.Debug|x86.Build.0 = Debug|Any CPU
		{B0FB1E22-72D7-45D0-AEE5-7AB3506AC4F8}.Release|Any CPU.ActiveCfg = Release|Any CPU
		{B0FB1E22-72D7-45D0-AEE5-7AB3506AC4F8}.Release|Any CPU.Build.0 = Release|Any CPU
		{B0FB1E22-72D7-45D0-AEE5-7AB3506AC4F8}.Release|x64.ActiveCfg = Release|Any CPU
		{B0FB1E22-72D7-45D0-AEE5-7AB3506AC4F8}.Release|x64.Build.0 = Release|Any CPU
		{B0FB1E22-72D7-45D0-AEE5-7AB3506AC4F8}.Release|x86.ActiveCfg = Release|Any CPU
		{B0FB1E22-72D7-45D0-AEE5-7AB3506AC4F8}.Release|x86.Build.0 = Release|Any CPU
	EndGlobalSection
EndGlobal
